
Microsoft Visual Studio Solution File, Format Version 11.00
# Visual Studio 2010
Project("{8BC9CEB8-8B4A-11D0-8D11-00A0C91BC942}") = "game", "game.vcxproj", "{0554D42E-37F7-4308-9865-04F3B8FE3729}"
EndProject
Global
	GlobalSection(SolutionConfigurationPlatforms) = preSolution
		Debug Alpha|Win32 = Debug Alpha|Win32
		Debug|Win32 = Debug|Win32
		Release Alpha|Win32 = Release Alpha|Win32
		Release|Win32 = Release|Win32
	EndGlobalSection
	GlobalSection(ProjectConfigurationPlatforms) = postSolution
		{0554D42E-37F7-4308-9865-04F3B8FE3729}.Debug Alpha|Win32.ActiveCfg = Release|Win32
		{0554D42E-37F7-4308-9865-04F3B8FE3729}.Debug Alpha|Win32.Build.0 = Release|Win32
		{0554D42E-37F7-4308-9865-04F3B8FE3729}.Debug|Win32.ActiveCfg = Debug|Win32
		{0554D42E-37F7-4308-9865-04F3B8FE3729}.Debug|Win32.Build.0 = Debug|Win32
		{0554D42E-37F7-4308-9865-04F3B8FE3729}.Release Alpha|Win32.ActiveCfg = Release Alpha|Win32
		{0554D42E-37F7-4308-9865-04F3B8FE3729}.Release Alpha|Win32.Build.0 = Release Alpha|Win32
		{0554D42E-37F7-4308-9865-04F3B8FE3729}.Release|Win32.ActiveCfg = Release|Win32
		{0554D42E-37F7-4308-9865-04F3B8FE3729}.Release|Win32.Build.0 = Release|Win32
	EndGlobalSection
	GlobalSection(SolutionProperties) = preSolution
		HideSolutionNode = FALSE
	EndGlobalSection
EndGlobal
